// !$*UTF8*$!
{
	archiveVersion = 1;
	classes = {
	};
	objectVersion = 46;
	objects = {

/* Begin PBXBuildFile section */
		5C2EC0741BCD3EE000E07DB5 /* main.m in Sources */ = {isa = PBXBuildFile; fileRef = 5C2EC0731BCD3EE000E07DB5 /* main.m */; };
		5CB07D351BCD3F4200AAC3F1 /* Expression.m in Sources */ = {isa = PBXBuildFile; fileRef = 5CB07D321BCD3F4200AAC3F1 /* Expression.m */; settings = {ASSET_TAGS = (); }; };
		5CB07D361BCD3F4200AAC3F1 /* Stack.m in Sources */ = {isa = PBXBuildFile; fileRef = 5CB07D341BCD3F4200AAC3F1 /* Stack.m */; settings = {ASSET_TAGS = (); }; };
/* End PBXBuildFile section */

/* Begin PBXCopyFilesBuildPhase section */
		5C2EC06E1BCD3EE000E07DB5 /* CopyFiles */ = {
			isa = PBXCopyFilesBuildPhase;
			buildActionMask = 2147483647;
			dstPath = /usr/share/man/man1/;
			dstSubfolderSpec = 0;
			files = (
			);
			runOnlyForDeploymentPostprocessing = 1;
		};
/* End PBXCopyFilesBuildPhase section */

/* Begin PBXFileReference section */
		5C2EC0701BCD3EE000E07DB5 /* Stack and Expression */ = {isa = PBXFileReference; explicitFileType = "compiled.mach-o.executable"; includeInIndex = 0; path = "Stack and Expression"; sourceTree = BUILT_PRODUCTS_DIR; };
		5C2EC0731BCD3EE000E07DB5 /* main.m */ = {isa = PBXFileReference; lastKnownFileType = sourcecode.c.objc; path = main.m; sourceTree = "<group>"; };
		5CB07D311BCD3F4200AAC3F1 /* Expression.h */ = {isa = PBXFileReference; fileEncoding = 4; lastKnownFileType = sourcecode.c.h; path = Expression.h; sourceTree = "<group>"; };
		5CB07D321BCD3F4200AAC3F1 /* Expression.m */ = {isa = PBXFileReference; fileEncoding = 4; lastKnownFileType = sourcecode.c.objc; path = Expression.m; sourceTree = "<group>"; };
		5CB07D331BCD3F4200AAC3F1 /* Stack.h */ = {isa = PBXFileReference; fileEncoding = 4; lastKnownFileType = sourcecode.c.h; path = Stack.h; sourceTree = "<group>"; };
		5CB07D341BCD3F4200AAC3F1 /* Stack.m */ = {isa = PBXFileReference; fileEncoding = 4; lastKnownFileType = sourcecode.c.objc; path = Stack.m; sourceTree = "<group>"; };
/* End PBXFileReference section */

/* Begin PBXFrameworksBuildPhase section */
		5C2EC06D1BCD3EE000E07DB5 /* Frameworks */ = {
			isa = PBXFrameworksBuildPhase;
			buildActionMask = 2147483647;
			files = (
			);
			runOnlyForDeploymentPostprocessing = 0;
		};
/* End PBXFrameworksBuildPhase section */

/* Begin PBXGroup section */
		5C2EC0671BCD3EE000E07DB5 = {
			isa = PBXGroup;
			children = (
				5C2EC0721BCD3EE000E07DB5 /* Stack and Expression */,
				5C2EC0711BCD3EE000E07DB5 /* Products */,
			);
			sourceTree = "<group>";
		};
		5C2EC0711BCD3EE000E07DB5 /* Products */ = {
			isa = PBXGroup;
			children = (
				5C2EC0701BCD3EE000E07DB5 /* Stack and Expression */,
			);
			name = Products;
			sourceTree = "<group>";
		};
		5C2EC0721BCD3EE000E07DB5 /* Stack and Expression */ = {
			isa = PBXGroup;
			children = (
				5C2EC0731BCD3EE000E07DB5 /* main.m */,
				5CB07D311BCD3F4200AAC3F1 /* Expression.h */,
				5CB07D321BCD3F4200AAC3F1 /* Expression.m */,
				5CB07D331BCD3F4200AAC3F1 /* Stack.h */,
				5CB07D341BCD3F4200AAC3F1 /* Stack.m */,
			);
			path = "Stack and Expression";
			sourceTree = "<group>";
		};
/* End PBXGroup section */

/* Begin PBXNativeTarget section */
		5C2EC06F1BCD3EE000E07DB5 /* Stack and Expression */ = {
			isa = PBXNativeTarget;
			buildConfigurationList = 5C2EC0771BCD3EE000E07DB5 /* Build configuration list for PBXNativeTarget "Stack and Expression" */;
			buildPhases = (
				5C2EC06C1BCD3EE000E07DB5 /* Sources */,
				5C2EC06D1BCD3EE000E07DB5 /* Frameworks */,
				5C2EC06E1BCD3EE000E07DB5 /* CopyFiles */,
			);
			buildRules = (
			);
			dependencies = (
			);
			name = "Stack and Expression";
			productName = "Stack and Expression";
			productReference = 5C2EC0701BCD3EE000E07DB5 /* Stack and Expression */;
			productType = "com.apple.product-type.tool";
		};
/* End PBXNativeTarget section */

/* Begin PBXProject section */
		5C2EC0681BCD3EE000E07DB5 /* Project object */ = {
			isa = PBXProject;
			attributes = {
				LastUpgradeCheck = 0700;
				ORGANIZATIONNAME = ifLab;
				TargetAttributes = {
					5C2EC06F1BCD3EE000E07DB5 = {
						CreatedOnToolsVersion = 7.0.1;
					};
				};
			};
			buildConfigurationList = 5C2EC06B1BCD3EE000E07DB5 /* Build configuration list for PBXProject "Stack and Expression" */;
			compatibilityVersion = "Xcode 3.2";
			developmentRegion = English;
			hasScannedForEncodings = 0;
			knownRegions = (
				en,
			);
			mainGroup = 5C2EC0671BCD3EE000E07DB5;
			productRefGroup = 5C2EC0711BCD3EE000E07DB5 /* Products */;
			projectDirPath = "";
			projectRoot = "";
			targets = (
				5C2EC06F1BCD3EE000E07DB5 /* Stack and Expression */,
			);
		};
/* End PBXProject section */

/* Begin PBXSourcesBuildPhase section */
		5C2EC06C1BCD3EE000E07DB5 /* Sources */ = {
			isa = PBXSourcesBuildPhase;
			buildActionMask = 2147483647;
			files = (
				5CB07D361BCD3F4200AAC3F1 /* Stack.m in Sources */,
				5C2EC0741BCD3EE000E07DB5 /* main.m in Sources */,
				5CB07D351BCD3F4200AAC3F1 /* Expression.m in Sources */,
			);
			runOnlyForDeploymentPostprocessing = 0;
		};
/* End PBXSourcesBuildPhase section */

/* Begin XCBuildConfiguration section */
		5C2EC0751BCD3EE000E07DB5 /* Debug */ = {
			isa = XCBuildConfiguration;
			buildSettings = {
				ALWAYS_SEARCH_USER_PATHS = NO;
				CLANG_CXX_LANGUAGE_STANDARD = "gnu++0x";
				CLANG_CXX_LIBRARY = "libc++";
				CLANG_ENABLE_MODULES = YES;
				CLANG_ENABLE_OBJC_ARC = YES;
				CLANG_WARN_BOOL_CONVERSION = YES;
				CLANG_WARN_CONSTANT_CONVERSION = YES;
				CLANG_WARN_DIRECT_OBJC_ISA_USAGE = YES_ERROR;
				CLANG_WARN_EMPTY_BODY = YES;
				CLANG_WARN_ENUM_CONVERSION = YES;
				CLANG_WARN_INT_CONVERSION = YES;
				CLANG_WARN_OBJC_ROOT_CLASS = YES_ERROR;
				CLANG_WARN_UNREACHABLE_CODE = YES;
				CLANG_WARN__DUPLICATE_METHOD_MATCH = YES;
				COPY_PHASE_STRIP = NO;
				DEBUG_INFORMATION_FORMAT = dwarf;
				ENABLE_STRICT_OBJC_MSGSEND = YES;
				ENABLE_TESTABILITY = YES;
				GCC_C_LANGUAGE_STANDARD = gnu99;
				GCC_DYNAMIC_NO_PIC = NO;
				GCC_NO_COMMON_BLOCKS = YES;
				GCC_OPTIMIZATION_LEVEL = 0;
				GCC_PREPROCESSOR_DEFINITIONS = (
					"DEBUG=1",
					"$(inherited)",
				);
				GCC_WARN_64_TO_32_BIT_CONVERSION = YES;
				GCC_WARN_ABOUT_RETURN_TYPE = YES_ERROR;
				GCC_WARN_UNDECLARED_SELECTOR = YES;
				GCC_WARN_UNINITIALIZED_AUTOS = YES_AGGRESSIVE;
				GCC_WARN_UNUSED_FUNCTION = YES;
				GCC_WARN_UNUSED_VARIABLE = YES;
				MACOSX_DEPLOYMENT_TARGET = 10.11;
				MTL_ENABLE_DEBUG_INFO = YES;
				ONLY_ACTIVE_ARCH = YES;
				SDKROOT = macosx;
			};
			name = Debug;
		};
		5C2EC0761BCD3EE000E07DB5 /* Release */ = {
			isa = XCBuildConfiguration;
			buildSettings = {
				ALWAYS_SEARCH_USER_PATHS = NO;
				CLANG_CXX_LANGUAGE_STANDARD = "gnu++0x";
				CLANG_CXX_LIBRARY = "libc++";
				CLANG_ENABLE_MODULES = YES;
				CLANG_ENABLE_OBJC_ARC = YES;
				CLANG_WARN_BOOL_CONVERSION = YES;
				CLANG_WARN_CONSTANT_CONVERSION = YES;
				CLANG_WARN_DIRECT_OBJC_ISA_USAGE = YES_ERROR;
				CLANG_WARN_EMPTY_BODY = YES;
				CLANG_WARN_ENUM_CONVERSION = YES;
				CLANG_WARN_INT_CONVERSION = YES;
				CLANG_WARN_OBJC_ROOT_CLASS = YES_ERROR;
				CLANG_WARN_UNREACHABLE_CODE = YES;
				CLANG_WARN__DUPLICATE_METHOD_MATCH = YES;
				COPY_PHASE_STRIP = NO;
				DEBUG_INFORMATION_FORMAT = "dwarf-with-dsym";
				ENABLE_NS_ASSERTIONS = NO;
				ENABLE_STRICT_OBJC_MSGSEND = YES;
				GCC_C_LANGUAGE_STANDARD = gnu99;
				GCC_NO_COMMON_BLOCKS = YES;
				GCC_WARN_64_TO_32_BIT_CONVERSION = YES;
				GCC_WARN_ABOUT_RETURN_TYPE = YES_ERROR;
				GCC_WARN_UNDECLARED_SELECTOR = YES;
				GCC_WARN_UNINITIALIZED_AUTOS = YES_AGGRESSIVE;
				GCC_WARN_UNUSED_FUNCTION = YES;
				GCC_WARN_UNUSED_VARIABLE = YES;
				MACOSX_DEPLOYMENT_TARGET = 10.11;
				MTL_ENABLE_DEBUG_INFO = NO;
				SDKROOT = macosx;
			};
			name = Release;
		};
		5C2EC0781BCD3EE000E07DB5 /* Debug */ = {
			isa = XCBuildConfiguration;
			buildSettings = {
				PRODUCT_NAME = "$(TARGET_NAME)";
			};
			name = Debug;
		};
		5C2EC0791BCD3EE000E07DB5 /* Release */ = {
			isa = XCBuildConfiguration;
			buildSettings = {
				PRODUCT_NAME = "$(TARGET_NAME)";
			};
			name = Release;
		};
/* End XCBuildConfiguration section */

/* Begin XCConfigurationList section */
		5C2EC06B1BCD3EE000E07DB5 /* Build configuration list for PBXProject "Stack and Expression" */ = {
			isa = XCConfigurationList;
			buildConfigurations = (
				5C2EC0751BCD3EE000E07DB5 /* Debug */,
				5C2EC0761BCD3EE000E07DB5 /* Release */,
			);
			defaultConfigurationIsVisible = 0;
			defaultConfigurationName = Release;
		};
		5C2EC0771BCD3EE000E07DB5 /* Build configuration list for PBXNativeTarget "Stack and Expression" */ = {
			isa = XCConfigurationList;
			buildConfigurations = (
				5C2EC0781BCD3EE000E07DB5 /* Debug */,
				5C2EC0791BCD3EE000E07DB5 /* Release */,
			);
			defaultConfigurationIsVisible = 0;
			defaultConfigurationName = Release;
		};
/* End XCConfigurationList section */
	};
	rootObject = 5C2EC0681BCD3EE000E07DB5 /* Project object */;
}
